
Microsoft Visual Studio Solution File, Format Version 12.00
# Visual Studio Version 17
VisualStudioVersion = 17.5.33627.172
MinimumVisualStudioVersion = 10.0.40219.1
Project("{FAE04EC0-301F-11D3-BF4B-00C04F79EFBC}") = "ControlesTrabajo", "ControlesTrabajo\ControlesTrabajo.csproj", "{041F23C9-7573-468C-87B9-C50D55CB90F2}"
EndProject
Project("{FAE04EC0-301F-11D3-BF4B-00C04F79EFBC}") = "Repository", "Repository\Repository.csproj", "{8632237D-068C-4D63-9D60-28D6DD26755A}"
EndProject
Project("{FAE04EC0-301F-11D3-BF4B-00C04F79EFBC}") = "Business", "Business\Business.csproj", "{214EDA4A-51A9-424F-8CE7-8521031482BF}"
EndProject
Project("{FAE04EC0-301F-11D3-BF4B-00C04F79EFBC}") = "Dato", "Dato\Dato.csproj", "{DFA4F3ED-A8D9-4874-8CFC-CFB08090BF79}"
EndProject
Global
	GlobalSection(SolutionConfigurationPlatforms) = preSolution
		Debug|Any CPU = Debug|Any CPU
		Release|Any CPU = Release|Any CPU
	EndGlobalSection
	GlobalSection(ProjectConfigurationPlatforms) = postSolution
		{041F23C9-7573-468C-87B9-C50D55CB90F2}.Debug|Any CPU.ActiveCfg = Debug|Any CPU
		{041F23C9-7573-468C-87B9-C50D55CB90F2}.Debug|Any CPU.Build.0 = Debug|Any CPU
		{041F23C9-7573-468C-87B9-C50D55CB90F2}.Release|Any CPU.ActiveCfg = Release|Any CPU
		{041F23C9-7573-468C-87B9-C50D55CB90F2}.Release|Any CPU.Build.0 = Release|Any CPU
		{8632237D-068C-4D63-9D60-28D6DD26755A}.Debug|Any CPU.ActiveCfg = Debug|Any CPU
		{8632237D-068C-4D63-9D60-28D6DD26755A}.Debug|Any CPU.Build.0 = Debug|Any CPU
		{8632237D-068C-4D63-9D60-28D6DD26755A}.Release|Any CPU.ActiveCfg = Release|Any CPU
		{8632237D-068C-4D63-9D60-28D6DD26755A}.Release|Any CPU.Build.0 = Release|Any CPU
		{214EDA4A-51A9-424F-8CE7-8521031482BF}.Debug|Any CPU.ActiveCfg = Debug|Any CPU
		{214EDA4A-51A9-424F-8CE7-8521031482BF}.Debug|Any CPU.Build.0 = Debug|Any CPU
		{214EDA4A-51A9-424F-8CE7-8521031482BF}.Release|Any CPU.ActiveCfg = Release|Any CPU
		{214EDA4A-51A9-424F-8CE7-8521031482BF}.Release|Any CPU.Build.0 = Release|Any CPU
		{DFA4F3ED-A8D9-4874-8CFC-CFB08090BF79}.Debug|Any CPU.ActiveCfg = Debug|Any CPU
		{DFA4F3ED-A8D9-4874-8CFC-CFB08090BF79}.Debug|Any CPU.Build.0 = Debug|Any CPU
		{DFA4F3ED-A8D9-4874-8CFC-CFB08090BF79}.Release|Any CPU.ActiveCfg = Release|Any CPU
		{DFA4F3ED-A8D9-4874-8CFC-CFB08090BF79}.Release|Any CPU.Build.0 = Release|Any CPU
	EndGlobalSection
	GlobalSection(SolutionProperties) = preSolution
		HideSolutionNode = FALSE
	EndGlobalSection
	GlobalSection(ExtensibilityGlobals) = postSolution
		SolutionGuid = {4906227E-E83F-4D4C-8921-92885A172D3B}
	EndGlobalSection
EndGlobal
